
Microsoft Visual Studio Solution File, Format Version 12.00
# Visual Studio Version 17
VisualStudioVersion = 17.2.32526.322
MinimumVisualStudioVersion = 10.0.40219.1
Project("{9A19103F-16F7-4668-BE54-9A1E7A4F7556}") = "ShopAssignment.WebApp", "ShopAssignment.WebApp\ShopAssignment.WebApp.csproj", "{5E6E8982-E063-4416-A38B-90BDB60DC1C5}"
EndProject
Project("{FAE04EC0-301F-11D3-BF4B-00C04F79EFBC}") = "ShopAssignment.Data", "ShopAssignment.Data\ShopAssignment.Data.csproj", "{F2E251E8-B0F4-4506-BBCA-A4EC52E7BC48}"
EndProject
Project("{FAE04EC0-301F-11D3-BF4B-00C04F79EFBC}") = "ShopAssignment.Business", "ShopAssignment.Business\ShopAssignment.Business.csproj", "{F5FAE7FD-44B4-490B-A408-422D4D913FED}"
EndProject
Global
	GlobalSection(SolutionConfigurationPlatforms) = preSolution
		Debug|Any CPU = Debug|Any CPU
		Release|Any CPU = Release|Any CPU
	EndGlobalSection
	GlobalSection(ProjectConfigurationPlatforms) = postSolution
		{5E6E8982-E063-4416-A38B-90BDB60DC1C5}.Debug|Any CPU.ActiveCfg = Debug|Any CPU
		{5E6E8982-E063-4416-A38B-90BDB60DC1C5}.Debug|Any CPU.Build.0 = Debug|Any CPU
		{5E6E8982-E063-4416-A38B-90BDB60DC1C5}.Release|Any CPU.ActiveCfg = Release|Any CPU
		{5E6E8982-E063-4416-A38B-90BDB60DC1C5}.Release|Any CPU.Build.0 = Release|Any CPU
		{F2E251E8-B0F4-4506-BBCA-A4EC52E7BC48}.Debug|Any CPU.ActiveCfg = Debug|Any CPU
		{F2E251E8-B0F4-4506-BBCA-A4EC52E7BC48}.Debug|Any CPU.Build.0 = Debug|Any CPU
		{F2E251E8-B0F4-4506-BBCA-A4EC52E7BC48}.Release|Any CPU.ActiveCfg = Release|Any CPU
		{F2E251E8-B0F4-4506-BBCA-A4EC52E7BC48}.Release|Any CPU.Build.0 = Release|Any CPU
		{F5FAE7FD-44B4-490B-A408-422D4D913FED}.Debug|Any CPU.ActiveCfg = Debug|Any CPU
		{F5FAE7FD-44B4-490B-A408-422D4D913FED}.Debug|Any CPU.Build.0 = Debug|Any CPU
		{F5FAE7FD-44B4-490B-A408-422D4D913FED}.Release|Any CPU.ActiveCfg = Release|Any CPU
		{F5FAE7FD-44B4-490B-A408-422D4D913FED}.Release|Any CPU.Build.0 = Release|Any CPU
	EndGlobalSection
	GlobalSection(SolutionProperties) = preSolution
		HideSolutionNode = FALSE
	EndGlobalSection
	GlobalSection(ExtensibilityGlobals) = postSolution
		SolutionGuid = {F3C6FCA9-236E-4A8D-9053-A35F419D1294}
	EndGlobalSection
EndGlobal
